github.com/barnybug/go-cast v0.0.0-20181026143840-5be61902f818 h1:BPcOCxzFTNOD5XFTKoye6ki7Whu8bTBgAuwI9rHFoOY=
github.com/barnybug/go-cast v0.0.0-20181026143840-5be61902f818/go.mod h1:a0BMCP1cILkrVyN1md3tv0IH3NMelzmBKHHPSDNLyFs=
github.com/davecgh/go-spew v0.0.0-20160907170601-6d212800a42e/go.mod h1:J7Y8YcW2NihsgmVo/mv3lAwl/skON4iLHjSsI+c5H38=
github.com/forestaa/go-cast v0.0.0-20190130234615-c427c194fc28 h1:QZBpB/py5qURPzTz6f9qQQ/wyKoENwTn5pWod9tNzpA=
github.com/forestaa/go-cast v0.0.0-20190130234615-c427c194fc28/go.mod h1:nk1sm87mNLWooU71oDui+NM75kI08K2a9CrZbtM8VRA=
github.com/forestaa/go-cast v0.0.0-20190303135850-a385b201c5f5 h1:o6veytWSDrzZJk7QjY/35CKjG5tsSbMorDUjc7AHBK0=
github.com/forestaa/go-cast v0.0.0-20190303135850-a385b201c5f5/go.mod h1:nk1sm87mNLWooU71oDui+NM75kI08K2a9CrZbtM8VRA=
github.com/forestaa/homecast v0.0.0-20190131005902-c3495bc84acc h1:WUh+NqAJWyt4HSOzQHiO1vppHxqIdnXBNhaibjzovbc=
github.com/forestaa/homecast v0.0.0-20190131005902-c3495bc84acc/go.mod h1:58Kx9NOKZbx2xD/TOBwTq/8YGoHCbHI14fJs47wSK58=
github.com/forestaa/homecast v0.0.0-20190303043816-1480293aad96 h1:7kWCU2+46YutlumPAgmDQLwnx9wqDb00W99CJg5g2J4=
github.com/forestaa/homecast v0.0.0-20190303043816-1480293aad96/go.mod h1:58Kx9NOKZbx2xD/TOBwTq/8YGoHCbHI14fJs47wSK58=
github.com/forestaa/homecast v0.0.0-20190303043816-c3495bc84acc h1:Le3tIvZ0bPux0XjkC46Nb++b1iiOGbc6IsTNTMfzvyI=
github.com/forestaa/homecast v0.0.0-20190303043816-c3495bc84acc/go.mod h1:58Kx9NOKZbx2xD/TOBwTq/8YGoHCbHI14fJs47wSK58=
github.com/forestaa/homecast v0.0.0-20190303140315-c7cf39f4cf00 h1:TBnBLffuf9NjNeGZbiGhUP+7d23KL0/iPM2WrKwT21s=
github.com/forestaa/homecast v0.0.0-20190303140315-c7cf39f4cf00/go.mod h1:58Kx9NOKZbx2xD/TOBwTq/8YGoHCbHI14fJs47wSK58=
github.com/gogo/protobuf v0.0.0-20161014173244-50d1bd39ce4e/go.mod h1:r8qH/GZQm5c6nD/R0oafs1akxWv10x8SbQlK7atdtwQ=
github.com/gogo/protobuf v1.0.0/go.mod h1:r8qH/GZQm5c6nD/R0oafs1akxWv10x8SbQlK7atdtwQ=
github.com/gogo/protobuf v1.2.0 h1:xU6/SpYbvkNYiptHJYEDRseDLvYE7wSqhYYNy0QSUzI=
github.com/gogo/protobuf v1.2.0/go.mod h1:r8qH/GZQm5c6nD/R0oafs1akxWv10x8SbQlK7atdtwQ=
github.com/hashicorp/go.net v0.0.0-20151006203346-104dcad90073/go.mod h1:hjKkEWcCURg++eb33jQU7oqQcI9XDCnUzHA0oac0k90=
github.com/hashicorp/go.net v0.0.1 h1:sNCoNyDEvN1xa+X0baata4RdcpKwcMS6DH+xwfqPgjw=
github.com/hashicorp/go.net v0.0.1/go.mod h1:hjKkEWcCURg++eb33jQU7oqQcI9XDCnUzHA0oac0k90=
github.com/hashicorp/mdns v0.0.0-20151206042412-9d85cf22f9f8/go.mod h1:aa76Av3qgPeIQp9Y3qIkTBPieQYNkQ13Kxe7pze9Wb0=
github.com/hashicorp/mdns v1.0.0 h1:WhIgCr5a7AaVH6jPUwjtRuuE7/RDufnUvzIr48smyxs=
github.com/hashicorp/mdns v1.0.0/go.mod h1:tL+uN++7HEJ6SQLQ2/p+z2pH24WQKWjBPkE0mNTz8vQ=
github.com/ikasamah/homecast v0.0.0-20181120095505-ae646e87e54e h1:/Cto2qoXuxRhmINj6ppLBUIr2OOOPlVGoYPnkhWYpHY=
github.com/ikasamah/homecast v0.0.0-20181120095505-ae646e87e54e/go.mod h1:PfB8UByHnspx57IUomrWQawuOXs1+G4dJ84mrrpqNF0=
github.com/micro/mdns v0.0.0-20181201230301-9c3770d4057a h1:QD0DngoQMpPt8pvimhNtIJiocn4C+IyqpazrEYX1lHo=
github.com/micro/mdns v0.0.0-20181201230301-9c3770d4057a/go.mod h1:SQG6o/94RinohLuB5noHSevg2Iqg2wXLDUn4lj2LWWo=
github.com/micro/mdns v0.1.0 h1:fuLybUsfynbigJmCot/54i+gwe0hpc/vtCMvWt2WfDI=
github.com/micro/mdns v0.1.0/go.mod h1:KJ0dW7KmicXU2BV++qkLlmHYcVv7/hHnbtguSWt9Aoc=
github.com/miekg/dns v0.0.0-20161006100029-fc4e1e2843d8/go.mod h1:W1PPwlIAgtquWBMBEV9nkV9Cazfe8ScdGz/Lj7v3Nrg=
github.com/miekg/dns v1.0.5/go.mod h1:W1PPwlIAgtquWBMBEV9nkV9Cazfe8ScdGz/Lj7v3Nrg=
github.com/miekg/dns v1.0.14/go.mod h1:W1PPwlIAgtquWBMBEV9nkV9Cazfe8ScdGz/Lj7v3Nrg=
github.com/miekg/dns v1.1.2 h1:Y/HbdlkFiiRU3Njr3hRk0KFKinYX90x7wtQMZvxShJo=
github.com/miekg/dns v1.1.2/go.mod h1:W1PPwlIAgtquWBMBEV9nkV9Cazfe8ScdGz/Lj7v3Nrg=
github.com/miekg/dns v1.1.3 h1:1g0r1IvskvgL8rR+AcHzUA+oFmGcQlaIm4IqakufeMM=
github.com/miekg/dns v1.1.3/go.mod h1:W1PPwlIAgtquWBMBEV9nkV9Cazfe8ScdGz/Lj7v3Nrg=
github.com/pmezard/go-difflib v0.0.0-20151028094244-d8ed2627bdf0/go.mod h1:iKH77koFhYxTK1pcRnkKkqfTogsbg7gZNVY4sRDYZ/4=
github.com/stretchr/testify v0.0.0-20160925220609-976c720a22c8/go.mod h1:a8OnRcib4nhh0OaRAV+Yts87kKdq0PP7pXfy6kDkUVs=
github.com/urfave/cli v1.20.0/go.mod h1:70zkFmudgCuE/ngEzBv17Jvp/497gISqfk5gWijbERA=
golang.org/x/crypto v0.0.0-20180426230345-b49d69b5da94/go.mod h1:6SG95UA2DQfeDnfUPMdvaQW0Q7yPrPDi9nlGo2tz2b4=
golang.org/x/crypto v0.0.0-20181029021203-45a5f77698d3/go.mod h1:6SG95UA2DQfeDnfUPMdvaQW0Q7yPrPDi9nlGo2tz2b4=
golang.org/x/crypto v0.0.0-20190103213133-ff983b9c42bc h1:F5tKCVGp+MUAHhKp5MZtGqAlGX3+oCsiL1Q629FL90M=
golang.org/x/crypto v0.0.0-20190103213133-ff983b9c42bc/go.mod h1:6SG95UA2DQfeDnfUPMdvaQW0Q7yPrPDi9nlGo2tz2b4=
golang.org/x/crypto v0.0.0-20190130090550-b01c7a725664 h1:YbZJ76lQ1BqNhVe7dKTSB67wDrc2VPRR75IyGyyPDX8=
golang.org/x/crypto v0.0.0-20190130090550-b01c7a725664/go.mod h1:6SG95UA2DQfeDnfUPMdvaQW0Q7yPrPDi9nlGo2tz2b4=
golang.org/x/net v0.0.0-20161013035702-8b4af36cd21a/go.mod h1:mL1N/T3taQHkDXs73rZJwtUhF3w3ftmwwsq0BUmARs4=
golang.org/x/net v0.0.0-20180420171651-5f9ae10d9af5/go.mod h1:mL1N/T3taQHkDXs73rZJwtUhF3w3ftmwwsq0BUmARs4=
golang.org/x/net v0.0.0-20181023162649-9b4f9f5ad519/go.mod h1:mL1N/T3taQHkDXs73rZJwtUhF3w3ftmwwsq0BUmARs4=
golang.org/x/net v0.0.0-20190107210223-45ffb0cd1ba0 h1:1DW40AJQ7AP4nY6ORUGUdkpXyEC9W2GAXcOPaMZK0K8=
golang.org/x/net v0.0.0-20190107210223-45ffb0cd1ba0/go.mod h1:mL1N/T3taQHkDXs73rZJwtUhF3w3ftmwwsq0BUmARs4=
golang.org/x/net v0.0.0-20190125091013-d26f9f9a57f3 h1:ulvT7fqt0yHWzpJwI57MezWnYDVpCAYBVuYst/L+fAY=
golang.org/x/net v0.0.0-20190125091013-d26f9f9a57f3/go.mod h1:mL1N/T3taQHkDXs73rZJwtUhF3w3ftmwwsq0BUmARs4=
golang.org/x/sync v0.0.0-20181221193216-37e7f081c4d4/go.mod h1:RxMgew5VJxzue5/jJTE5uejpjVlOe/izrB70Jof72aM=
golang.org/x/sys v0.0.0-20181026203630-95b1ffbd15a5/go.mod h1:STP8DvDyc/dI5b8T5hshtkjS+E42TnysNCUPdjciGhY=
golang.org/x/sys v0.0.0-20190107173414-20be8e55dc7b h1:9Gu1sMPgKHo+qCbPa2jN5A54ro2gY99BWF7nHOBNVME=
golang.org/x/sys v0.0.0-20190107173414-20be8e55dc7b/go.mod h1:STP8DvDyc/dI5b8T5hshtkjS+E42TnysNCUPdjciGhY=
golang.org/x/sys v0.0.0-20190129075346-302c3dd5f1cc/go.mod h1:STP8DvDyc/dI5b8T5hshtkjS+E42TnysNCUPdjciGhY=
