github.com/barnybug/go-cast v0.0.0-20181026143840-5be61902f818 h1:BPcOCxzFTNOD5XFTKoye6ki7Whu8bTBgAuwI9rHFoOY=
github.com/barnybug/go-cast v0.0.0-20181026143840-5be61902f818/go.mod h1:a0BMCP1cILkrVyN1md3tv0IH3NMelzmBKHHPSDNLyFs=
github.com/forestaa/go-cast v0.0.0-20190303135850-a385b201c5f5 h1:o6veytWSDrzZJk7QjY/35CKjG5tsSbMorDUjc7AHBK0=
github.com/forestaa/go-cast v0.0.0-20190303135850-a385b201c5f5/go.mod h1:nk1sm87mNLWooU71oDui+NM75kI08K2a9CrZbtM8VRA=
github.com/forestaa/homecast v0.0.0-20190303140315-c7cf39f4cf00 h1:TBnBLffuf9NjNeGZbiGhUP+7d23KL0/iPM2WrKwT21s=
github.com/forestaa/homecast v0.0.0-20190303140315-c7cf39f4cf00/go.mod h1:58Kx9NOKZbx2xD/TOBwTq/8YGoHCbHI14fJs47wSK58=
github.com/gogo/protobuf v1.2.1 h1:/s5zKNz0uPFCZ5hddgPdo2TK2TVrUNMn0OOX8/aZMTE=
github.com/gogo/protobuf v1.2.1/go.mod h1:hp+jE20tsWTFYpLwKvXlhS1hjn+gTNwPg2I6zVXpSg4=
github.com/gorilla/websocket v1.4.0 h1:WDFjx/TMzVgy9VdMMQi2K2Emtwi2QcUQsztZ/zLaH/Q=
github.com/gorilla/websocket v1.4.0/go.mod h1:E7qHFY5m1UJ88s3WnNqhKjPHQ0heANvMoAMk2YaljkQ=
github.com/ikasamah/homecast v0.0.0-20181120095505-ae646e87e54e h1:/Cto2qoXuxRhmINj6ppLBUIr2OOOPlVGoYPnkhWYpHY=
github.com/ikasamah/homecast v0.0.0-20181120095505-ae646e87e54e/go.mod h1:PfB8UByHnspx57IUomrWQawuOXs1+G4dJ84mrrpqNF0=
github.com/kisielk/errcheck v1.1.0/go.mod h1:EZBBE59ingxPouuu3KfxchcWSUPOHkagtvWXihfKN4Q=
github.com/kisielk/gotool v1.0.0/go.mod h1:XhKaO+MFFWcvkIS/tQcRk01m1F5IRFswLeQ+oQHNcck=
github.com/micro/mdns v0.1.0 h1:fuLybUsfynbigJmCot/54i+gwe0hpc/vtCMvWt2WfDI=
github.com/micro/mdns v0.1.0/go.mod h1:KJ0dW7KmicXU2BV++qkLlmHYcVv7/hHnbtguSWt9Aoc=
github.com/miekg/dns v1.1.3 h1:1g0r1IvskvgL8rR+AcHzUA+oFmGcQlaIm4IqakufeMM=
github.com/miekg/dns v1.1.3/go.mod h1:W1PPwlIAgtquWBMBEV9nkV9Cazfe8ScdGz/Lj7v3Nrg=
golang.org/x/crypto v0.0.0-20190130090550-b01c7a725664 h1:YbZJ76lQ1BqNhVe7dKTSB67wDrc2VPRR75IyGyyPDX8=
golang.org/x/crypto v0.0.0-20190130090550-b01c7a725664/go.mod h1:6SG95UA2DQfeDnfUPMdvaQW0Q7yPrPDi9nlGo2tz2b4=
golang.org/x/net v0.0.0-20190125091013-d26f9f9a57f3 h1:ulvT7fqt0yHWzpJwI57MezWnYDVpCAYBVuYst/L+fAY=
golang.org/x/net v0.0.0-20190125091013-d26f9f9a57f3/go.mod h1:mL1N/T3taQHkDXs73rZJwtUhF3w3ftmwwsq0BUmARs4=
golang.org/x/sys v0.0.0-20190129075346-302c3dd5f1cc h1:WiYx1rIFmx8c0mXAFtv5D/mHyKe1+jmuP7PViuwqwuQ=
golang.org/x/sys v0.0.0-20190129075346-302c3dd5f1cc/go.mod h1:STP8DvDyc/dI5b8T5hshtkjS+E42TnysNCUPdjciGhY=
golang.org/x/tools v0.0.0-20180221164845-07fd8470d635/go.mod h1:n7NCudcB/nEzxVGmLbDWY5pfWTLqBcC2KZ6jyYvM4mQ=
