github.com/barnybug/go-cast v0.0.0-20181026143840-5be61902f818 h1:BPcOCxzFTNOD5XFTKoye6ki7Whu8bTBgAuwI9rHFoOY=
github.com/barnybug/go-cast v0.0.0-20181026143840-5be61902f818/go.mod h1:a0BMCP1cILkrVyN1md3tv0IH3NMelzmBKHHPSDNLyFs=
github.com/gogo/protobuf v1.2.0 h1:xU6/SpYbvkNYiptHJYEDRseDLvYE7wSqhYYNy0QSUzI=
github.com/gogo/protobuf v1.2.0/go.mod h1:r8qH/GZQm5c6nD/R0oafs1akxWv10x8SbQlK7atdtwQ=
github.com/ikasamah/homecast v0.0.0-20181120095505-ae646e87e54e h1:/Cto2qoXuxRhmINj6ppLBUIr2OOOPlVGoYPnkhWYpHY=
github.com/ikasamah/homecast v0.0.0-20181120095505-ae646e87e54e/go.mod h1:PfB8UByHnspx57IUomrWQawuOXs1+G4dJ84mrrpqNF0=
github.com/micro/mdns v0.0.0-20181201230301-9c3770d4057a h1:QD0DngoQMpPt8pvimhNtIJiocn4C+IyqpazrEYX1lHo=
github.com/micro/mdns v0.0.0-20181201230301-9c3770d4057a/go.mod h1:SQG6o/94RinohLuB5noHSevg2Iqg2wXLDUn4lj2LWWo=
github.com/miekg/dns v1.1.2 h1:Y/HbdlkFiiRU3Njr3hRk0KFKinYX90x7wtQMZvxShJo=
github.com/miekg/dns v1.1.2/go.mod h1:W1PPwlIAgtquWBMBEV9nkV9Cazfe8ScdGz/Lj7v3Nrg=
golang.org/x/crypto v0.0.0-20190103213133-ff983b9c42bc h1:F5tKCVGp+MUAHhKp5MZtGqAlGX3+oCsiL1Q629FL90M=
golang.org/x/crypto v0.0.0-20190103213133-ff983b9c42bc/go.mod h1:6SG95UA2DQfeDnfUPMdvaQW0Q7yPrPDi9nlGo2tz2b4=
golang.org/x/net v0.0.0-20190107210223-45ffb0cd1ba0 h1:1DW40AJQ7AP4nY6ORUGUdkpXyEC9W2GAXcOPaMZK0K8=
golang.org/x/net v0.0.0-20190107210223-45ffb0cd1ba0/go.mod h1:mL1N/T3taQHkDXs73rZJwtUhF3w3ftmwwsq0BUmARs4=
golang.org/x/sys v0.0.0-20190107173414-20be8e55dc7b h1:9Gu1sMPgKHo+qCbPa2jN5A54ro2gY99BWF7nHOBNVME=
golang.org/x/sys v0.0.0-20190107173414-20be8e55dc7b/go.mod h1:STP8DvDyc/dI5b8T5hshtkjS+E42TnysNCUPdjciGhY=
